
Microsoft Visual Studio Solution File, Format Version 12.00
# Visual Studio Version 16
VisualStudioVersion = 16.0.33214.272
MinimumVisualStudioVersion = 10.0.40219.1
Project("{FAE04EC0-301F-11D3-BF4B-00C04F79EFBC}") = "Automatic Block Signaling", "Automatic Block Signaling\Automatic Block Signaling.csproj", "{875A37ED-036E-4C78-8E9D-C4892267BBB0}"
EndProject
Global
	GlobalSection(SolutionConfigurationPlatforms) = preSolution
		Debug|Any CPU = Debug|Any CPU
		Release|Any CPU = Release|Any CPU
	EndGlobalSection
	GlobalSection(ProjectConfigurationPlatforms) = postSolution
		{875A37ED-036E-4C78-8E9D-C4892267BBB0}.Debug|Any CPU.ActiveCfg = Debug|Any CPU
		{875A37ED-036E-4C78-8E9D-C4892267BBB0}.Debug|Any CPU.Build.0 = Debug|Any CPU
		{875A37ED-036E-4C78-8E9D-C4892267BBB0}.Release|Any CPU.ActiveCfg = Release|Any CPU
		{875A37ED-036E-4C78-8E9D-C4892267BBB0}.Release|Any CPU.Build.0 = Release|Any CPU
	EndGlobalSection
	GlobalSection(SolutionProperties) = preSolution
		HideSolutionNode = FALSE
	EndGlobalSection
	GlobalSection(ExtensibilityGlobals) = postSolution
		BuildVersion_StartDate = 2000/1/1
		SolutionGuid = {C754EADA-0D53-4FEB-8F2C-854D9D18778B}
	EndGlobalSection
EndGlobal
